{
	"name": "mp",
	"version": "1.0.2",
	"lockfileVersion": 1,
	"requires": true,
	"dependencies": {
		"dayjs": {
			"version": "1.10.4",
			"resolved": "https://registry.npmjs.org/dayjs/-/dayjs-1.10.4.tgz",
			"integrity": "sha512-RI/Hh4kqRc1UKLOAf/T5zdMMX5DQIlDxwUe3wSyMMnEbGunnpENCdbUgM+dW7kXidZqCttBrmw7BhN4TMddkCw=="
		},
		"moment": {
			"version": "2.29.1",
			"resolved": "https://registry.npmjs.org/moment/-/moment-2.29.1.tgz",
			"integrity": "sha512-kHmoybcPV8Sqy59DwNDY3Jefr64lK/by/da0ViFcuA4DH0vQg5Q6Ze5VimxkfQNSC+Mls/Kx53s7TjP1RhFEDQ=="
		}
	}
}
